
Microsoft Visual Studio Solution File, Format Version 12.00
# Visual Studio 2012
Project("{8BC9CEB8-8B4A-11D0-8D11-00A0C91BC942}") = "MVS", "MVS\MVS.vcxproj", "{5D4A5832-453D-48E4-8803-81426325165F}"
EndProject
Project("{8BC9CEB8-8B4A-11D0-8D11-00A0C91BC942}") = "MVS2012", "MVS2012\MVS2012.vcxproj", "{B788F854-BF01-4994-93E3-D1C2B9BAADC0}"
EndProject
Global
	GlobalSection(SolutionConfigurationPlatforms) = preSolution
		Debug|Mixed Platforms = Debug|Mixed Platforms
		Debug|Win32 = Debug|Win32
		Debug|x64 = Debug|x64
		Debug|x86 = Debug|x86
		Release|Mixed Platforms = Release|Mixed Platforms
		Release|Win32 = Release|Win32
		Release|x64 = Release|x64
		Release|x86 = Release|x86
	EndGlobalSection
	GlobalSection(ProjectConfigurationPlatforms) = postSolution
		{5D4A5832-453D-48E4-8803-81426325165F}.Debug|Mixed Platforms.ActiveCfg = Debug|Win32
		{5D4A5832-453D-48E4-8803-81426325165F}.Debug|Mixed Platforms.Build.0 = Debug|Win32
		{5D4A5832-453D-48E4-8803-81426325165F}.Debug|Win32.ActiveCfg = Debug|Win32
		{5D4A5832-453D-48E4-8803-81426325165F}.Debug|Win32.Build.0 = Debug|Win32
		{5D4A5832-453D-48E4-8803-81426325165F}.Debug|x64.ActiveCfg = Debug|x64
		{5D4A5832-453D-48E4-8803-81426325165F}.Debug|x64.Build.0 = Debug|x64
		{5D4A5832-453D-48E4-8803-81426325165F}.Debug|x86.ActiveCfg = Debug|Win32
		{5D4A5832-453D-48E4-8803-81426325165F}.Debug|x86.Build.0 = Debug|Win32
		{5D4A5832-453D-48E4-8803-81426325165F}.Release|Mixed Platforms.ActiveCfg = Release|Win32
		{5D4A5832-453D-48E4-8803-81426325165F}.Release|Mixed Platforms.Build.0 = Release|Win32
		{5D4A5832-453D-48E4-8803-81426325165F}.Release|Win32.ActiveCfg = Release|Win32
		{5D4A5832-453D-48E4-8803-81426325165F}.Release|Win32.Build.0 = Release|Win32
		{5D4A5832-453D-48E4-8803-81426325165F}.Release|x64.ActiveCfg = Release|x64
		{5D4A5832-453D-48E4-8803-81426325165F}.Release|x64.Build.0 = Release|x64
		{5D4A5832-453D-48E4-8803-81426325165F}.Release|x86.ActiveCfg = Release|Win32
		{5D4A5832-453D-48E4-8803-81426325165F}.Release|x86.Build.0 = Release|Win32
		{B788F854-BF01-4994-93E3-D1C2B9BAADC0}.Debug|Mixed Platforms.ActiveCfg = Debug|Win32
		{B788F854-BF01-4994-93E3-D1C2B9BAADC0}.Debug|Mixed Platforms.Build.0 = Debug|Win32
		{B788F854-BF01-4994-93E3-D1C2B9BAADC0}.Debug|Win32.ActiveCfg = Debug|Win32
		{B788F854-BF01-4994-93E3-D1C2B9BAADC0}.Debug|Win32.Build.0 = Debug|Win32
		{B788F854-BF01-4994-93E3-D1C2B9BAADC0}.Debug|x64.ActiveCfg = Debug|Win32
		{B788F854-BF01-4994-93E3-D1C2B9BAADC0}.Debug|x86.ActiveCfg = Debug|Win32
		{B788F854-BF01-4994-93E3-D1C2B9BAADC0}.Debug|x86.Build.0 = Debug|Win32
		{B788F854-BF01-4994-93E3-D1C2B9BAADC0}.Release|Mixed Platforms.ActiveCfg = Release|Win32
		{B788F854-BF01-4994-93E3-D1C2B9BAADC0}.Release|Mixed Platforms.Build.0 = Release|Win32
		{B788F854-BF01-4994-93E3-D1C2B9BAADC0}.Release|Win32.ActiveCfg = Release|Win32
		{B788F854-BF01-4994-93E3-D1C2B9BAADC0}.Release|Win32.Build.0 = Release|Win32
		{B788F854-BF01-4994-93E3-D1C2B9BAADC0}.Release|x64.ActiveCfg = Release|Win32
		{B788F854-BF01-4994-93E3-D1C2B9BAADC0}.Release|x86.ActiveCfg = Release|Win32
		{B788F854-BF01-4994-93E3-D1C2B9BAADC0}.Release|x86.Build.0 = Release|Win32
	EndGlobalSection
	GlobalSection(SolutionProperties) = preSolution
		HideSolutionNode = FALSE
	EndGlobalSection
EndGlobal
