
Microsoft Visual Studio Solution File, Format Version 12.00
# Visual Studio 2012
Project("{8BC9CEB8-8B4A-11D0-8D11-00A0C91BC942}") = "Циклы", "Циклы\Циклы.vcxproj", "{A66D91ED-03D6-42BF-91E1-07E739CCDB9B}"
EndProject
Global
	GlobalSection(SolutionConfigurationPlatforms) = preSolution
		Debug|Win32 = Debug|Win32
		Release|Win32 = Release|Win32
	EndGlobalSection
	GlobalSection(ProjectConfigurationPlatforms) = postSolution
		{A66D91ED-03D6-42BF-91E1-07E739CCDB9B}.Debug|Win32.ActiveCfg = Debug|Win32
		{A66D91ED-03D6-42BF-91E1-07E739CCDB9B}.Debug|Win32.Build.0 = Debug|Win32
		{A66D91ED-03D6-42BF-91E1-07E739CCDB9B}.Release|Win32.ActiveCfg = Release|Win32
		{A66D91ED-03D6-42BF-91E1-07E739CCDB9B}.Release|Win32.Build.0 = Release|Win32
	EndGlobalSection
	GlobalSection(SolutionProperties) = preSolution
		HideSolutionNode = FALSE
	EndGlobalSection
EndGlobal
